
Microsoft Visual Studio Solution File, Format Version 12.00
# Visual Studio Version 16
VisualStudioVersion = 16.0.32630.194
MinimumVisualStudioVersion = 10.0.40219.1
Project("{FAE04EC0-301F-11D3-BF4B-00C04F79EFBC}") = "AppNotas", "AppNotas\AppNotas.csproj", "{318CD35A-53AC-4F62-B903-BCD614F90DA3}"
EndProject
Global
	GlobalSection(SolutionConfigurationPlatforms) = preSolution
		Debug|Any CPU = Debug|Any CPU
		Release|Any CPU = Release|Any CPU
	EndGlobalSection
	GlobalSection(ProjectConfigurationPlatforms) = postSolution
		{318CD35A-53AC-4F62-B903-BCD614F90DA3}.Debug|Any CPU.ActiveCfg = Debug|Any CPU
		{318CD35A-53AC-4F62-B903-BCD614F90DA3}.Debug|Any CPU.Build.0 = Debug|Any CPU
		{318CD35A-53AC-4F62-B903-BCD614F90DA3}.Release|Any CPU.ActiveCfg = Release|Any CPU
		{318CD35A-53AC-4F62-B903-BCD614F90DA3}.Release|Any CPU.Build.0 = Release|Any CPU
	EndGlobalSection
	GlobalSection(SolutionProperties) = preSolution
		HideSolutionNode = FALSE
	EndGlobalSection
	GlobalSection(ExtensibilityGlobals) = postSolution
		SolutionGuid = {9EA2D998-10CD-441D-8FBB-83F67C6E4DB9}
	EndGlobalSection
EndGlobal
